# THIS IS AN AUTOGENERATED FILE. DO NOT EDIT THIS FILE DIRECTLY.
# yarn lockfile v1


"@types/node@^10.12.12":
  version "10.12.12"
  resolved "http://localhost:4873/@types%2fnode/-/node-10.12.12.tgz#e15a9d034d9210f00320ef718a50c4a799417c47"
  integrity sha512-Pr+6JRiKkfsFvmU/LK68oBRCQeEg36TyAbPhc2xpez24OOZZCuoIhWGTd39VZy6nGafSbxzGouFPTFD/rR1A0A==

"@types/prop-types@*":
  version "15.5.6"
  resolved "http://localhost:4873/@types%2fprop-types/-/prop-types-15.5.6.tgz#9c03d3fed70a8d517c191b7734da2879b50ca26c"
  integrity sha512-ZBFR7TROLVzCkswA3Fmqq+IIJt62/T7aY/Dmz+QkU7CaW2QFqAitCE8Ups7IzmGhcN1YWMBT4Qcoc07jU9hOJQ==

"@types/react@^16.7.13":
  version "16.7.13"
  resolved "http://localhost:4873/@types%2freact/-/react-16.7.13.tgz#d2369ae78377356d42fb54275d30218e84f2247a"
  integrity sha512-WhqrQLAE9z65hfcvWqZfR6qUtIazFRyb8LXqHo8440R53dAQqNkt2OlVJ3FXwqOwAXXg4nfYxt0qgBvE18o5XA==
  dependencies:
    "@types/prop-types" "*"
    csstype "^2.2.0"

csstype@^2.2.0:
  version "2.5.8"
  resolved "http://localhost:4873/csstype/-/csstype-2.5.8.tgz#4ce5aa16ea0d562ef9105fa3ae2676f199586a35"
  integrity sha512-r4DbsyNJ7slwBSKoGesxDubRWJ71ghG8W2+1HcsDlAo12KGca9dDLv0u98tfdFw7ldBdoA7XmCnI6Q8LpAJXaQ==

tslib@^1.9.3:
  version "1.9.3"
  resolved "http://localhost:4873/tslib/-/tslib-1.9.3.tgz#d7e4dd79245d85428c4d7e4822a79917954ca286"
  integrity sha512-4krF8scpejhaOgqzBEcGM7yDIEfi0/8+8zDRZhNZZ2kjmHJ4hv3zCbQWxoJGz1iw5U0Jl0nma13xzHXcncMavQ==

typescript@^3.0.0:
  version "3.2.1"
  resolved "http://localhost:4873/typescript/-/typescript-3.2.1.tgz#0b7a04b8cf3868188de914d9568bd030f0c56192"
  integrity sha512-jw7P2z/h6aPT4AENXDGjcfHTu5CSqzsbZc6YlUIebTyBAq8XaKp78x7VcSh30xwSCcsu5irZkYZUSFP1MrAMbg==
